// !$*UTF8*$!
{
	archiveVersion = 1;
	classes = {
	};
	objectVersion = 50;
	objects = {

/* Begin PBXBuildFile section */
		3B5D74BF21A6C78100AD0B39 /* AppDelegate.swift in Sources */ = {isa = PBXBuildFile; fileRef = 3B5D74BE21A6C78100AD0B39 /* AppDelegate.swift */; };
		3B5D74C121A6C78100AD0B39 /* ViewController.swift in Sources */ = {isa = PBXBuildFile; fileRef = 3B5D74C021A6C78100AD0B39 /* ViewController.swift */; };
		3B5D74C421A6C78100AD0B39 /* Main.storyboard in Resources */ = {isa = PBXBuildFile; fileRef = 3B5D74C221A6C78100AD0B39 /* Main.storyboard */; };
		3B5D74C621A6C78400AD0B39 /* Assets.xcassets in Resources */ = {isa = PBXBuildFile; fileRef = 3B5D74C521A6C78400AD0B39 /* Assets.xcassets */; };
		3B5D74C921A6C78400AD0B39 /* LaunchScreen.storyboard in Resources */ = {isa = PBXBuildFile; fileRef = 3B5D74C721A6C78400AD0B39 /* LaunchScreen.storyboard */; };
		3B5D74D421A6C78500AD0B39 /* CustomTransitionAnimationTests.swift in Sources */ = {isa = PBXBuildFile; fileRef = 3B5D74D321A6C78500AD0B39 /* CustomTransitionAnimationTests.swift */; };
		3B5D74DF21A6C78500AD0B39 /* CustomTransitionAnimationUITests.swift in Sources */ = {isa = PBXBuildFile; fileRef = 3B5D74DE21A6C78500AD0B39 /* CustomTransitionAnimationUITests.swift */; };
		3B5D74EF21A6E4B400AD0B39 /* FadeInFadeOutFirstViewController.swift in Sources */ = {isa = PBXBuildFile; fileRef = 3B5D74EE21A6E4B400AD0B39 /* FadeInFadeOutFirstViewController.swift */; };
		3B5D74F121A6E4D100AD0B39 /* FadeInFadeOutSecondViewController.swift in Sources */ = {isa = PBXBuildFile; fileRef = 3B5D74F021A6E4D100AD0B39 /* FadeInFadeOutSecondViewController.swift */; };
		3B5D74F321A6E79100AD0B39 /* HalfWaySpringAnimator.swift in Sources */ = {isa = PBXBuildFile; fileRef = 3B5D74F221A6E79100AD0B39 /* HalfWaySpringAnimator.swift */; };
		3BC00BBB21ACE5E4004EAF49 /* CrossDissolveAnimator.swift in Sources */ = {isa = PBXBuildFile; fileRef = 3BC00BBA21ACE5E4004EAF49 /* CrossDissolveAnimator.swift */; };
		3BC00BBE21ACE8F3004EAF49 /* InteractivityFirstViewController.swift in Sources */ = {isa = PBXBuildFile; fileRef = 3BC00BBD21ACE8F3004EAF49 /* InteractivityFirstViewController.swift */; };
		3BC00BC021ACE907004EAF49 /* InteractivitySecondViewController.swift in Sources */ = {isa = PBXBuildFile; fileRef = 3BC00BBF21ACE907004EAF49 /* InteractivitySecondViewController.swift */; };
		3BC00BC221ACEAE4004EAF49 /* InteractivityTransitionDelegate.swift in Sources */ = {isa = PBXBuildFile; fileRef = 3BC00BC121ACEAE4004EAF49 /* InteractivityTransitionDelegate.swift */; };
		3BC00BC421ACECB1004EAF49 /* InteractivityTransitionAnimator.swift in Sources */ = {isa = PBXBuildFile; fileRef = 3BC00BC321ACECB1004EAF49 /* InteractivityTransitionAnimator.swift */; };
		3BC00BC621ACF322004EAF49 /* TransitionInteractionController.swift in Sources */ = {isa = PBXBuildFile; fileRef = 3BC00BC521ACF322004EAF49 /* TransitionInteractionController.swift */; };
		3BC00BD421AD2FE5004EAF49 /* SnapKit.framework in Frameworks */ = {isa = PBXBuildFile; fileRef = 3BC00BD321AD2FE5004EAF49 /* SnapKit.framework */; };
		3BC00BD521AD2FE5004EAF49 /* SnapKit.framework in Embed Frameworks */ = {isa = PBXBuildFile; fileRef = 3BC00BD321AD2FE5004EAF49 /* SnapKit.framework */; settings = {ATTRIBUTES = (CodeSignOnCopy, RemoveHeadersOnCopy, ); }; };
		3BC00BD921AD3777004EAF49 /* CustomePresentationFirstViewController.swift in Sources */ = {isa = PBXBuildFile; fileRef = 3BC00BD821AD3777004EAF49 /* CustomePresentationFirstViewController.swift */; };
		3BC00BDB21AD3786004EAF49 /* CustomePresentationSecondViewController.swift in Sources */ = {isa = PBXBuildFile; fileRef = 3BC00BDA21AD3786004EAF49 /* CustomePresentationSecondViewController.swift */; };
		3BC00BDD21AD3877004EAF49 /* CustomePresentationController.swift in Sources */ = {isa = PBXBuildFile; fileRef = 3BC00BDC21AD3877004EAF49 /* CustomePresentationController.swift */; };
		3BC00BDF21AE3D96004EAF49 /* CustomePresentationAnimator.swift in Sources */ = {isa = PBXBuildFile; fileRef = 3BC00BDE21AE3D96004EAF49 /* CustomePresentationAnimator.swift */; };
		3BC00BE121AE7E07004EAF49 /* CustomePresentationThirdViewController.swift in Sources */ = {isa = PBXBuildFile; fileRef = 3BC00BE021AE7E07004EAF49 /* CustomePresentationThirdViewController.swift */; };
		3BC00BE321AE7E83004EAF49 /* CustomeCenterPresentationController.swift in Sources */ = {isa = PBXBuildFile; fileRef = 3BC00BE221AE7E82004EAF49 /* CustomeCenterPresentationController.swift */; };
/* End PBXBuildFile section */

/* Begin PBXContainerItemProxy section */
		3B5D74D021A6C78500AD0B39 /* PBXContainerItemProxy */ = {
			isa = PBXContainerItemProxy;
			containerPortal = 3B5D74B321A6C78100AD0B39 /* Project object */;
			proxyType = 1;
			remoteGlobalIDString = 3B5D74BA21A6C78100AD0B39;
			remoteInfo = CustomTransitionAnimation;
		};
		3B5D74DB21A6C78500AD0B39 /* PBXContainerItemProxy */ = {
			isa = PBXContainerItemProxy;
			containerPortal = 3B5D74B321A6C78100AD0B39 /* Project object */;
			proxyType = 1;
			remoteGlobalIDString = 3B5D74BA21A6C78100AD0B39;
			remoteInfo = CustomTransitionAnimation;
		};
/* End PBXContainerItemProxy section */

/* Begin PBXCopyFilesBuildPhase section */
		3BC00BD621AD2FE5004EAF49 /* Embed Frameworks */ = {
			isa = PBXCopyFilesBuildPhase;
			buildActionMask = 2147483647;
			dstPath = "";
			dstSubfolderSpec = 10;
			files = (
				3BC00BD521AD2FE5004EAF49 /* SnapKit.framework in Embed Frameworks */,
			);
			name = "Embed Frameworks";
			runOnlyForDeploymentPostprocessing = 0;
		};
/* End PBXCopyFilesBuildPhase section */

/* Begin PBXFileReference section */
		3B5D74BB21A6C78100AD0B39 /* CustomTransitionAnimation.app */ = {isa = PBXFileReference; explicitFileType = wrapper.application; includeInIndex = 0; path = CustomTransitionAnimation.app; sourceTree = BUILT_PRODUCTS_DIR; };
		3B5D74BE21A6C78100AD0B39 /* AppDelegate.swift */ = {isa = PBXFileReference; lastKnownFileType = sourcecode.swift; path = AppDelegate.swift; sourceTree = "<group>"; };
		3B5D74C021A6C78100AD0B39 /* ViewController.swift */ = {isa = PBXFileReference; lastKnownFileType = sourcecode.swift; path = ViewController.swift; sourceTree = "<group>"; };
		3B5D74C321A6C78100AD0B39 /* Base */ = {isa = PBXFileReference; lastKnownFileType = file.storyboard; name = Base; path = Base.lproj/Main.storyboard; sourceTree = "<group>"; };
		3B5D74C521A6C78400AD0B39 /* Assets.xcassets */ = {isa = PBXFileReference; lastKnownFileType = folder.assetcatalog; path = Assets.xcassets; sourceTree = "<group>"; };
		3B5D74C821A6C78400AD0B39 /* Base */ = {isa = PBXFileReference; lastKnownFileType = file.storyboard; name = Base; path = Base.lproj/LaunchScreen.storyboard; sourceTree = "<group>"; };
		3B5D74CA21A6C78400AD0B39 /* Info.plist */ = {isa = PBXFileReference; lastKnownFileType = text.plist.xml; path = Info.plist; sourceTree = "<group>"; };
		3B5D74CF21A6C78500AD0B39 /* CustomTransitionAnimationTests.xctest */ = {isa = PBXFileReference; explicitFileType = wrapper.cfbundle; includeInIndex = 0; path = CustomTransitionAnimationTests.xctest; sourceTree = BUILT_PRODUCTS_DIR; };
		3B5D74D321A6C78500AD0B39 /* CustomTransitionAnimationTests.swift */ = {isa = PBXFileReference; lastKnownFileType = sourcecode.swift; path = CustomTransitionAnimationTests.swift; sourceTree = "<group>"; };
		3B5D74D521A6C78500AD0B39 /* Info.plist */ = {isa = PBXFileReference; lastKnownFileType = text.plist.xml; path = Info.plist; sourceTree = "<group>"; };
		3B5D74DA21A6C78500AD0B39 /* CustomTransitionAnimationUITests.xctest */ = {isa = PBXFileReference; explicitFileType = wrapper.cfbundle; includeInIndex = 0; path = CustomTransitionAnimationUITests.xctest; sourceTree = BUILT_PRODUCTS_DIR; };
		3B5D74DE21A6C78500AD0B39 /* CustomTransitionAnimationUITests.swift */ = {isa = PBXFileReference; lastKnownFileType = sourcecode.swift; path = CustomTransitionAnimationUITests.swift; sourceTree = "<group>"; };
		3B5D74E021A6C78500AD0B39 /* Info.plist */ = {isa = PBXFileReference; lastKnownFileType = text.plist.xml; path = Info.plist; sourceTree = "<group>"; };
		3B5D74EE21A6E4B400AD0B39 /* FadeInFadeOutFirstViewController.swift */ = {isa = PBXFileReference; lastKnownFileType = sourcecode.swift; path = FadeInFadeOutFirstViewController.swift; sourceTree = "<group>"; };
		3B5D74F021A6E4D100AD0B39 /* FadeInFadeOutSecondViewController.swift */ = {isa = PBXFileReference; lastKnownFileType = sourcecode.swift; path = FadeInFadeOutSecondViewController.swift; sourceTree = "<group>"; };
		3B5D74F221A6E79100AD0B39 /* HalfWaySpringAnimator.swift */ = {isa = PBXFileReference; lastKnownFileType = sourcecode.swift; path = HalfWaySpringAnimator.swift; sourceTree = "<group>"; };
		3BC00BBA21ACE5E4004EAF49 /* CrossDissolveAnimator.swift */ = {isa = PBXFileReference; lastKnownFileType = sourcecode.swift; path = CrossDissolveAnimator.swift; sourceTree = "<group>"; };
		3BC00BBD21ACE8F3004EAF49 /* InteractivityFirstViewController.swift */ = {isa = PBXFileReference; lastKnownFileType = sourcecode.swift; path = InteractivityFirstViewController.swift; sourceTree = "<group>"; };
		3BC00BBF21ACE907004EAF49 /* InteractivitySecondViewController.swift */ = {isa = PBXFileReference; lastKnownFileType = sourcecode.swift; path = InteractivitySecondViewController.swift; sourceTree = "<group>"; };
		3BC00BC121ACEAE4004EAF49 /* InteractivityTransitionDelegate.swift */ = {isa = PBXFileReference; lastKnownFileType = sourcecode.swift; path = InteractivityTransitionDelegate.swift; sourceTree = "<group>"; };
		3BC00BC321ACECB1004EAF49 /* InteractivityTransitionAnimator.swift */ = {isa = PBXFileReference; lastKnownFileType = sourcecode.swift; path = InteractivityTransitionAnimator.swift; sourceTree = "<group>"; };
		3BC00BC521ACF322004EAF49 /* TransitionInteractionController.swift */ = {isa = PBXFileReference; lastKnownFileType = sourcecode.swift; path = TransitionInteractionController.swift; sourceTree = "<group>"; };
		3BC00BD321AD2FE5004EAF49 /* SnapKit.framework */ = {isa = PBXFileReference; explicitFileType = wrapper.framework; path = SnapKit.framework; sourceTree = BUILT_PRODUCTS_DIR; };
		3BC00BD821AD3777004EAF49 /* CustomePresentationFirstViewController.swift */ = {isa = PBXFileReference; lastKnownFileType = sourcecode.swift; path = CustomePresentationFirstViewController.swift; sourceTree = "<group>"; };
		3BC00BDA21AD3786004EAF49 /* CustomePresentationSecondViewController.swift */ = {isa = PBXFileReference; lastKnownFileType = sourcecode.swift; path = CustomePresentationSecondViewController.swift; sourceTree = "<group>"; };
		3BC00BDC21AD3877004EAF49 /* CustomePresentationController.swift */ = {isa = PBXFileReference; lastKnownFileType = sourcecode.swift; path = CustomePresentationController.swift; sourceTree = "<group>"; };
		3BC00BDE21AE3D96004EAF49 /* CustomePresentationAnimator.swift */ = {isa = PBXFileReference; lastKnownFileType = sourcecode.swift; path = CustomePresentationAnimator.swift; sourceTree = "<group>"; };
		3BC00BE021AE7E07004EAF49 /* CustomePresentationThirdViewController.swift */ = {isa = PBXFileReference; lastKnownFileType = sourcecode.swift; path = CustomePresentationThirdViewController.swift; sourceTree = "<group>"; };
		3BC00BE221AE7E82004EAF49 /* CustomeCenterPresentationController.swift */ = {isa = PBXFileReference; fileEncoding = 4; lastKnownFileType = sourcecode.swift; path = CustomeCenterPresentationController.swift; sourceTree = "<group>"; };
/* End PBXFileReference section */

/* Begin PBXFrameworksBuildPhase section */
		3B5D74B821A6C78100AD0B39 /* Frameworks */ = {
			isa = PBXFrameworksBuildPhase;
			buildActionMask = 2147483647;
			files = (
				3BC00BD421AD2FE5004EAF49 /* SnapKit.framework in Frameworks */,
			);
			runOnlyForDeploymentPostprocessing = 0;
		};
		3B5D74CC21A6C78500AD0B39 /* Frameworks */ = {
			isa = PBXFrameworksBuildPhase;
			buildActionMask = 2147483647;
			files = (
			);
			runOnlyForDeploymentPostprocessing = 0;
		};
		3B5D74D721A6C78500AD0B39 /* Frameworks */ = {
			isa = PBXFrameworksBuildPhase;
			buildActionMask = 2147483647;
			files = (
			);
			runOnlyForDeploymentPostprocessing = 0;
		};
/* End PBXFrameworksBuildPhase section */

/* Begin PBXGroup section */
		3B5D74B221A6C78100AD0B39 = {
			isa = PBXGroup;
			children = (
				3BC00BD321AD2FE5004EAF49 /* SnapKit.framework */,
				3B5D74BD21A6C78100AD0B39 /* CustomTransitionAnimation */,
				3B5D74D221A6C78500AD0B39 /* CustomTransitionAnimationTests */,
				3B5D74DD21A6C78500AD0B39 /* CustomTransitionAnimationUITests */,
				3B5D74BC21A6C78100AD0B39 /* Products */,
				3B5D74F421A7A95600AD0B39 /* Frameworks */,
			);
			sourceTree = "<group>";
		};
		3B5D74BC21A6C78100AD0B39 /* Products */ = {
			isa = PBXGroup;
			children = (
				3B5D74BB21A6C78100AD0B39 /* CustomTransitionAnimation.app */,
				3B5D74CF21A6C78500AD0B39 /* CustomTransitionAnimationTests.xctest */,
				3B5D74DA21A6C78500AD0B39 /* CustomTransitionAnimationUITests.xctest */,
			);
			name = Products;
			sourceTree = "<group>";
		};
		3B5D74BD21A6C78100AD0B39 /* CustomTransitionAnimation */ = {
			isa = PBXGroup;
			children = (
				3B5D74BE21A6C78100AD0B39 /* AppDelegate.swift */,
				3B5D74C021A6C78100AD0B39 /* ViewController.swift */,
				3B5D74ED21A6E48700AD0B39 /* FadeInFadeOut */,
				3BC00BBC21ACE8D1004EAF49 /* Interactivity */,
				3BC00BD721AD3479004EAF49 /* Custome Presentation */,
				3B5D74EC21A6E40D00AD0B39 /* Supporting Files */,
			);
			path = CustomTransitionAnimation;
			sourceTree = "<group>";
		};
		3B5D74D221A6C78500AD0B39 /* CustomTransitionAnimationTests */ = {
			isa = PBXGroup;
			children = (
				3B5D74D321A6C78500AD0B39 /* CustomTransitionAnimationTests.swift */,
				3B5D74D521A6C78500AD0B39 /* Info.plist */,
			);
			path = CustomTransitionAnimationTests;
			sourceTree = "<group>";
		};
		3B5D74DD21A6C78500AD0B39 /* CustomTransitionAnimationUITests */ = {
			isa = PBXGroup;
			children = (
				3B5D74DE21A6C78500AD0B39 /* CustomTransitionAnimationUITests.swift */,
				3B5D74E021A6C78500AD0B39 /* Info.plist */,
			);
			path = CustomTransitionAnimationUITests;
			sourceTree = "<group>";
		};
		3B5D74EC21A6E40D00AD0B39 /* Supporting Files */ = {
			isa = PBXGroup;
			children = (
				3B5D74C221A6C78100AD0B39 /* Main.storyboard */,
				3B5D74C521A6C78400AD0B39 /* Assets.xcassets */,
				3B5D74C721A6C78400AD0B39 /* LaunchScreen.storyboard */,
				3B5D74CA21A6C78400AD0B39 /* Info.plist */,
			);
			path = "Supporting Files";
			sourceTree = "<group>";
		};
		3B5D74ED21A6E48700AD0B39 /* FadeInFadeOut */ = {
			isa = PBXGroup;
			children = (
				3B5D74EE21A6E4B400AD0B39 /* FadeInFadeOutFirstViewController.swift */,
				3B5D74F021A6E4D100AD0B39 /* FadeInFadeOutSecondViewController.swift */,
				3B5D74F221A6E79100AD0B39 /* HalfWaySpringAnimator.swift */,
				3BC00BBA21ACE5E4004EAF49 /* CrossDissolveAnimator.swift */,
			);
			path = FadeInFadeOut;
			sourceTree = "<group>";
		};
		3B5D74F421A7A95600AD0B39 /* Frameworks */ = {
			isa = PBXGroup;
			children = (
			);
			name = Frameworks;
			sourceTree = "<group>";
		};
		3BC00BBC21ACE8D1004EAF49 /* Interactivity */ = {
			isa = PBXGroup;
			children = (
				3BC00BBD21ACE8F3004EAF49 /* InteractivityFirstViewController.swift */,
				3BC00BBF21ACE907004EAF49 /* InteractivitySecondViewController.swift */,
				3BC00BC121ACEAE4004EAF49 /* InteractivityTransitionDelegate.swift */,
				3BC00BC321ACECB1004EAF49 /* InteractivityTransitionAnimator.swift */,
				3BC00BC521ACF322004EAF49 /* TransitionInteractionController.swift */,
			);
			path = Interactivity;
			sourceTree = "<group>";
		};
		3BC00BD721AD3479004EAF49 /* Custome Presentation */ = {
			isa = PBXGroup;
			children = (
				3BC00BD821AD3777004EAF49 /* CustomePresentationFirstViewController.swift */,
				3BC00BDA21AD3786004EAF49 /* CustomePresentationSecondViewController.swift */,
				3BC00BE021AE7E07004EAF49 /* CustomePresentationThirdViewController.swift */,
				3BC00BDC21AD3877004EAF49 /* CustomePresentationController.swift */,
				3BC00BDE21AE3D96004EAF49 /* CustomePresentationAnimator.swift */,
				3BC00BE221AE7E82004EAF49 /* CustomeCenterPresentationController.swift */,
			);
			path = "Custome Presentation";
			sourceTree = "<group>";
		};
/* End PBXGroup section */

/* Begin PBXNativeTarget section */
		3B5D74BA21A6C78100AD0B39 /* CustomTransitionAnimation */ = {
			isa = PBXNativeTarget;
			buildConfigurationList = 3B5D74E321A6C78500AD0B39 /* Build configuration list for PBXNativeTarget "CustomTransitionAnimation" */;
			buildPhases = (
				3B5D74B721A6C78100AD0B39 /* Sources */,
				3B5D74B821A6C78100AD0B39 /* Frameworks */,
				3B5D74B921A6C78100AD0B39 /* Resources */,
				3BC00BD621AD2FE5004EAF49 /* Embed Frameworks */,
			);
			buildRules = (
			);
			dependencies = (
			);
			name = CustomTransitionAnimation;
			productName = CustomTransitionAnimation;
			productReference = 3B5D74BB21A6C78100AD0B39 /* CustomTransitionAnimation.app */;
			productType = "com.apple.product-type.application";
		};
		3B5D74CE21A6C78500AD0B39 /* CustomTransitionAnimationTests */ = {
			isa = PBXNativeTarget;
			buildConfigurationList = 3B5D74E621A6C78500AD0B39 /* Build configuration list for PBXNativeTarget "CustomTransitionAnimationTests" */;
			buildPhases = (
				3B5D74CB21A6C78500AD0B39 /* Sources */,
				3B5D74CC21A6C78500AD0B39 /* Frameworks */,
				3B5D74CD21A6C78500AD0B39 /* Resources */,
			);
			buildRules = (
			);
			dependencies = (
				3B5D74D121A6C78500AD0B39 /* PBXTargetDependency */,
			);
			name = CustomTransitionAnimationTests;
			productName = CustomTransitionAnimationTests;
			productReference = 3B5D74CF21A6C78500AD0B39 /* CustomTransitionAnimationTests.xctest */;
			productType = "com.apple.product-type.bundle.unit-test";
		};
		3B5D74D921A6C78500AD0B39 /* CustomTransitionAnimationUITests */ = {
			isa = PBXNativeTarget;
			buildConfigurationList = 3B5D74E921A6C78500AD0B39 /* Build configuration list for PBXNativeTarget "CustomTransitionAnimationUITests" */;
			buildPhases = (
				3B5D74D621A6C78500AD0B39 /* Sources */,
				3B5D74D721A6C78500AD0B39 /* Frameworks */,
				3B5D74D821A6C78500AD0B39 /* Resources */,
			);
			buildRules = (
			);
			dependencies = (
				3B5D74DC21A6C78500AD0B39 /* PBXTargetDependency */,
			);
			name = CustomTransitionAnimationUITests;
			productName = CustomTransitionAnimationUITests;
			productReference = 3B5D74DA21A6C78500AD0B39 /* CustomTransitionAnimationUITests.xctest */;
			productType = "com.apple.product-type.bundle.ui-testing";
		};
/* End PBXNativeTarget section */

/* Begin PBXProject section */
		3B5D74B321A6C78100AD0B39 /* Project object */ = {
			isa = PBXProject;
			attributes = {
				LastSwiftUpdateCheck = 1010;
				LastUpgradeCheck = 1010;
				ORGANIZATIONNAME = xuhongfei;
				TargetAttributes = {
					3B5D74BA21A6C78100AD0B39 = {
						CreatedOnToolsVersion = 10.1;
					};
					3B5D74CE21A6C78500AD0B39 = {
						CreatedOnToolsVersion = 10.1;
						TestTargetID = 3B5D74BA21A6C78100AD0B39;
					};
					3B5D74D921A6C78500AD0B39 = {
						CreatedOnToolsVersion = 10.1;
						TestTargetID = 3B5D74BA21A6C78100AD0B39;
					};
				};
			};
			buildConfigurationList = 3B5D74B621A6C78100AD0B39 /* Build configuration list for PBXProject "CustomTransitionAnimation" */;
			compatibilityVersion = "Xcode 9.3";
			developmentRegion = en;
			hasScannedForEncodings = 0;
			knownRegions = (
				en,
				Base,
			);
			mainGroup = 3B5D74B221A6C78100AD0B39;
			productRefGroup = 3B5D74BC21A6C78100AD0B39 /* Products */;
			projectDirPath = "";
			projectRoot = "";
			targets = (
				3B5D74BA21A6C78100AD0B39 /* CustomTransitionAnimation */,
				3B5D74CE21A6C78500AD0B39 /* CustomTransitionAnimationTests */,
				3B5D74D921A6C78500AD0B39 /* CustomTransitionAnimationUITests */,
			);
		};
/* End PBXProject section */

/* Begin PBXResourcesBuildPhase section */
		3B5D74B921A6C78100AD0B39 /* Resources */ = {
			isa = PBXResourcesBuildPhase;
			buildActionMask = 2147483647;
			files = (
				3B5D74C921A6C78400AD0B39 /* LaunchScreen.storyboard in Resources */,
				3B5D74C621A6C78400AD0B39 /* Assets.xcassets in Resources */,
				3B5D74C421A6C78100AD0B39 /* Main.storyboard in Resources */,
			);
			runOnlyForDeploymentPostprocessing = 0;
		};
		3B5D74CD21A6C78500AD0B39 /* Resources */ = {
			isa = PBXResourcesBuildPhase;
			buildActionMask = 2147483647;
			files = (
			);
			runOnlyForDeploymentPostprocessing = 0;
		};
		3B5D74D821A6C78500AD0B39 /* Resources */ = {
			isa = PBXResourcesBuildPhase;
			buildActionMask = 2147483647;
			files = (
			);
			runOnlyForDeploymentPostprocessing = 0;
		};
/* End PBXResourcesBuildPhase section */

/* Begin PBXSourcesBuildPhase section */
		3B5D74B721A6C78100AD0B39 /* Sources */ = {
			isa = PBXSourcesBuildPhase;
			buildActionMask = 2147483647;
			files = (
				3BC00BDD21AD3877004EAF49 /* CustomePresentationController.swift in Sources */,
				3BC00BE321AE7E83004EAF49 /* CustomeCenterPresentationController.swift in Sources */,
				3BC00BBE21ACE8F3004EAF49 /* InteractivityFirstViewController.swift in Sources */,
				3BC00BDB21AD3786004EAF49 /* CustomePresentationSecondViewController.swift in Sources */,
				3BC00BC621ACF322004EAF49 /* TransitionInteractionController.swift in Sources */,
				3B5D74F321A6E79100AD0B39 /* HalfWaySpringAnimator.swift in Sources */,
				3B5D74F121A6E4D100AD0B39 /* FadeInFadeOutSecondViewController.swift in Sources */,
				3BC00BDF21AE3D96004EAF49 /* CustomePresentationAnimator.swift in Sources */,
				3B5D74C121A6C78100AD0B39 /* ViewController.swift in Sources */,
				3BC00BC221ACEAE4004EAF49 /* InteractivityTransitionDelegate.swift in Sources */,
				3BC00BC021ACE907004EAF49 /* InteractivitySecondViewController.swift in Sources */,
				3B5D74BF21A6C78100AD0B39 /* AppDelegate.swift in Sources */,
				3BC00BBB21ACE5E4004EAF49 /* CrossDissolveAnimator.swift in Sources */,
				3B5D74EF21A6E4B400AD0B39 /* FadeInFadeOutFirstViewController.swift in Sources */,
				3BC00BE121AE7E07004EAF49 /* CustomePresentationThirdViewController.swift in Sources */,
				3BC00BD921AD3777004EAF49 /* CustomePresentationFirstViewController.swift in Sources */,
				3BC00BC421ACECB1004EAF49 /* InteractivityTransitionAnimator.swift in Sources */,
			);
			runOnlyForDeploymentPostprocessing = 0;
		};
		3B5D74CB21A6C78500AD0B39 /* Sources */ = {
			isa = PBXSourcesBuildPhase;
			buildActionMask = 2147483647;
			files = (
				3B5D74D421A6C78500AD0B39 /* CustomTransitionAnimationTests.swift in Sources */,
			);
			runOnlyForDeploymentPostprocessing = 0;
		};
		3B5D74D621A6C78500AD0B39 /* Sources */ = {
			isa = PBXSourcesBuildPhase;
			buildActionMask = 2147483647;
			files = (
				3B5D74DF21A6C78500AD0B39 /* CustomTransitionAnimationUITests.swift in Sources */,
			);
			runOnlyForDeploymentPostprocessing = 0;
		};
/* End PBXSourcesBuildPhase section */

/* Begin PBXTargetDependency section */
		3B5D74D121A6C78500AD0B39 /* PBXTargetDependency */ = {
			isa = PBXTargetDependency;
			target = 3B5D74BA21A6C78100AD0B39 /* CustomTransitionAnimation */;
			targetProxy = 3B5D74D021A6C78500AD0B39 /* PBXContainerItemProxy */;
		};
		3B5D74DC21A6C78500AD0B39 /* PBXTargetDependency */ = {
			isa = PBXTargetDependency;
			target = 3B5D74BA21A6C78100AD0B39 /* CustomTransitionAnimation */;
			targetProxy = 3B5D74DB21A6C78500AD0B39 /* PBXContainerItemProxy */;
		};
/* End PBXTargetDependency section */

/* Begin PBXVariantGroup section */
		3B5D74C221A6C78100AD0B39 /* Main.storyboard */ = {
			isa = PBXVariantGroup;
			children = (
				3B5D74C321A6C78100AD0B39 /* Base */,
			);
			name = Main.storyboard;
			sourceTree = "<group>";
		};
		3B5D74C721A6C78400AD0B39 /* LaunchScreen.storyboard */ = {
			isa = PBXVariantGroup;
			children = (
				3B5D74C821A6C78400AD0B39 /* Base */,
			);
			name = LaunchScreen.storyboard;
			sourceTree = "<group>";
		};
/* End PBXVariantGroup section */

/* Begin XCBuildConfiguration section */
		3B5D74E121A6C78500AD0B39 /* Debug */ = {
			isa = XCBuildConfiguration;
			buildSettings = {
				ALWAYS_SEARCH_USER_PATHS = NO;
				CLANG_ANALYZER_NONNULL = YES;
				CLANG_ANALYZER_NUMBER_OBJECT_CONVERSION = YES_AGGRESSIVE;
				CLANG_CXX_LANGUAGE_STANDARD = "gnu++14";
				CLANG_CXX_LIBRARY = "libc++";
				CLANG_ENABLE_MODULES = YES;
				CLANG_ENABLE_OBJC_ARC = YES;
				CLANG_ENABLE_OBJC_WEAK = YES;
				CLANG_WARN_BLOCK_CAPTURE_AUTORELEASING = YES;
				CLANG_WARN_BOOL_CONVERSION = YES;
				CLANG_WARN_COMMA = YES;
				CLANG_WARN_CONSTANT_CONVERSION = YES;
				CLANG_WARN_DEPRECATED_OBJC_IMPLEMENTATIONS = YES;
				CLANG_WARN_DIRECT_OBJC_ISA_USAGE = YES_ERROR;
				CLANG_WARN_DOCUMENTATION_COMMENTS = YES;
				CLANG_WARN_EMPTY_BODY = YES;
				CLANG_WARN_ENUM_CONVERSION = YES;
				CLANG_WARN_INFINITE_RECURSION = YES;
				CLANG_WARN_INT_CONVERSION = YES;
				CLANG_WARN_NON_LITERAL_NULL_CONVERSION = YES;
				CLANG_WARN_OBJC_IMPLICIT_RETAIN_SELF = YES;
				CLANG_WARN_OBJC_LITERAL_CONVERSION = YES;
				CLANG_WARN_OBJC_ROOT_CLASS = YES_ERROR;
				CLANG_WARN_RANGE_LOOP_ANALYSIS = YES;
				CLANG_WARN_STRICT_PROTOTYPES = YES;
				CLANG_WARN_SUSPICIOUS_MOVE = YES;
				CLANG_WARN_UNGUARDED_AVAILABILITY = YES_AGGRESSIVE;
				CLANG_WARN_UNREACHABLE_CODE = YES;
				CLANG_WARN__DUPLICATE_METHOD_MATCH = YES;
				CODE_SIGN_IDENTITY = "iPhone Developer";
				COPY_PHASE_STRIP = NO;
				DEBUG_INFORMATION_FORMAT = dwarf;
				ENABLE_STRICT_OBJC_MSGSEND = YES;
				ENABLE_TESTABILITY = YES;
				GCC_C_LANGUAGE_STANDARD = gnu11;
				GCC_DYNAMIC_NO_PIC = NO;
				GCC_NO_COMMON_BLOCKS = YES;
				GCC_OPTIMIZATION_LEVEL = 0;
				GCC_PREPROCESSOR_DEFINITIONS = (
					"DEBUG=1",
					"$(inherited)",
				);
				GCC_WARN_64_TO_32_BIT_CONVERSION = YES;
				GCC_WARN_ABOUT_RETURN_TYPE = YES_ERROR;
				GCC_WARN_UNDECLARED_SELECTOR = YES;
				GCC_WARN_UNINITIALIZED_AUTOS = YES_AGGRESSIVE;
				GCC_WARN_UNUSED_FUNCTION = YES;
				GCC_WARN_UNUSED_VARIABLE = YES;
				IPHONEOS_DEPLOYMENT_TARGET = 12.1;
				MTL_ENABLE_DEBUG_INFO = INCLUDE_SOURCE;
				MTL_FAST_MATH = YES;
				ONLY_ACTIVE_ARCH = YES;
				SDKROOT = iphoneos;
				SWIFT_ACTIVE_COMPILATION_CONDITIONS = DEBUG;
				SWIFT_OPTIMIZATION_LEVEL = "-Onone";
			};
			name = Debug;
		};
		3B5D74E221A6C78500AD0B39 /* Release */ = {
			isa = XCBuildConfiguration;
			buildSettings = {
				ALWAYS_SEARCH_USER_PATHS = NO;
				CLANG_ANALYZER_NONNULL = YES;
				CLANG_ANALYZER_NUMBER_OBJECT_CONVERSION = YES_AGGRESSIVE;
				CLANG_CXX_LANGUAGE_STANDARD = "gnu++14";
				CLANG_CXX_LIBRARY = "libc++";
				CLANG_ENABLE_MODULES = YES;
				CLANG_ENABLE_OBJC_ARC = YES;
				CLANG_ENABLE_OBJC_WEAK = YES;
				CLANG_WARN_BLOCK_CAPTURE_AUTORELEASING = YES;
				CLANG_WARN_BOOL_CONVERSION = YES;
				CLANG_WARN_COMMA = YES;
				CLANG_WARN_CONSTANT_CONVERSION = YES;
				CLANG_WARN_DEPRECATED_OBJC_IMPLEMENTATIONS = YES;
				CLANG_WARN_DIRECT_OBJC_ISA_USAGE = YES_ERROR;
				CLANG_WARN_DOCUMENTATION_COMMENTS = YES;
				CLANG_WARN_EMPTY_BODY = YES;
				CLANG_WARN_ENUM_CONVERSION = YES;
				CLANG_WARN_INFINITE_RECURSION = YES;
				CLANG_WARN_INT_CONVERSION = YES;
				CLANG_WARN_NON_LITERAL_NULL_CONVERSION = YES;
				CLANG_WARN_OBJC_IMPLICIT_RETAIN_SELF = YES;
				CLANG_WARN_OBJC_LITERAL_CONVERSION = YES;
				CLANG_WARN_OBJC_ROOT_CLASS = YES_ERROR;
				CLANG_WARN_RANGE_LOOP_ANALYSIS = YES;
				CLANG_WARN_STRICT_PROTOTYPES = YES;
				CLANG_WARN_SUSPICIOUS_MOVE = YES;
				CLANG_WARN_UNGUARDED_AVAILABILITY = YES_AGGRESSIVE;
				CLANG_WARN_UNREACHABLE_CODE = YES;
				CLANG_WARN__DUPLICATE_METHOD_MATCH = YES;
				CODE_SIGN_IDENTITY = "iPhone Developer";
				COPY_PHASE_STRIP = NO;
				DEBUG_INFORMATION_FORMAT = "dwarf-with-dsym";
				ENABLE_NS_ASSERTIONS = NO;
				ENABLE_STRICT_OBJC_MSGSEND = YES;
				GCC_C_LANGUAGE_STANDARD = gnu11;
				GCC_NO_COMMON_BLOCKS = YES;
				GCC_WARN_64_TO_32_BIT_CONVERSION = YES;
				GCC_WARN_ABOUT_RETURN_TYPE = YES_ERROR;
				GCC_WARN_UNDECLARED_SELECTOR = YES;
				GCC_WARN_UNINITIALIZED_AUTOS = YES_AGGRESSIVE;
				GCC_WARN_UNUSED_FUNCTION = YES;
				GCC_WARN_UNUSED_VARIABLE = YES;
				IPHONEOS_DEPLOYMENT_TARGET = 12.1;
				MTL_ENABLE_DEBUG_INFO = NO;
				MTL_FAST_MATH = YES;
				SDKROOT = iphoneos;
				SWIFT_COMPILATION_MODE = wholemodule;
				SWIFT_OPTIMIZATION_LEVEL = "-O";
				VALIDATE_PRODUCT = YES;
			};
			name = Release;
		};
		3B5D74E421A6C78500AD0B39 /* Debug */ = {
			isa = XCBuildConfiguration;
			buildSettings = {
				ASSETCATALOG_COMPILER_APPICON_NAME = AppIcon;
				CODE_SIGN_STYLE = Automatic;
				DEVELOPMENT_TEAM = Z4RWL5QZ5M;
				FRAMEWORK_SEARCH_PATHS = (
					"$(inherited)",
					"$(PROJECT_DIR)",
					"$(PROJECT_DIR)/CustomTransitionAnimation",
				);
				HEADER_SEARCH_PATHS = "$(SRCROOT)/../SnapKit/**";
				INFOPLIST_FILE = "$(SRCROOT)/CustomTransitionAnimation/Supporting Files/Info.plist";
				IPHONEOS_DEPLOYMENT_TARGET = 9.0;
				LD_RUNPATH_SEARCH_PATHS = (
					"$(inherited)",
					"@executable_path/Frameworks",
				);
				PRODUCT_BUNDLE_IDENTIFIER = com.xuhongfei.tools.CustomTransitionAnimation;
				PRODUCT_NAME = "$(TARGET_NAME)";
				SWIFT_VERSION = 4.2;
				TARGETED_DEVICE_FAMILY = "1,2";
			};
			name = Debug;
		};
		3B5D74E521A6C78500AD0B39 /* Release */ = {
			isa = XCBuildConfiguration;
			buildSettings = {
				ASSETCATALOG_COMPILER_APPICON_NAME = AppIcon;
				CODE_SIGN_STYLE = Automatic;
				DEVELOPMENT_TEAM = Z4RWL5QZ5M;
				FRAMEWORK_SEARCH_PATHS = (
					"$(inherited)",
					"$(PROJECT_DIR)",
					"$(PROJECT_DIR)/CustomTransitionAnimation",
				);
				HEADER_SEARCH_PATHS = "$(SRCROOT)/../SnapKit/**";
				INFOPLIST_FILE = "$(SRCROOT)/CustomTransitionAnimation/Supporting Files/Info.plist";
				IPHONEOS_DEPLOYMENT_TARGET = 9.0;
				LD_RUNPATH_SEARCH_PATHS = (
					"$(inherited)",
					"@executable_path/Frameworks",
				);
				PRODUCT_BUNDLE_IDENTIFIER = com.xuhongfei.tools.CustomTransitionAnimation;
				PRODUCT_NAME = "$(TARGET_NAME)";
				SWIFT_VERSION = 4.2;
				TARGETED_DEVICE_FAMILY = "1,2";
			};
			name = Release;
		};
		3B5D74E721A6C78500AD0B39 /* Debug */ = {
			isa = XCBuildConfiguration;
			buildSettings = {
				ALWAYS_EMBED_SWIFT_STANDARD_LIBRARIES = YES;
				BUNDLE_LOADER = "$(TEST_HOST)";
				CODE_SIGN_STYLE = Automatic;
				DEVELOPMENT_TEAM = Z4RWL5QZ5M;
				INFOPLIST_FILE = CustomTransitionAnimationTests/Info.plist;
				LD_RUNPATH_SEARCH_PATHS = (
					"$(inherited)",
					"@executable_path/Frameworks",
					"@loader_path/Frameworks",
				);
				PRODUCT_BUNDLE_IDENTIFIER = com.xuhongfei.tools.CustomTransitionAnimationTests;
				PRODUCT_NAME = "$(TARGET_NAME)";
				SWIFT_VERSION = 4.2;
				TARGETED_DEVICE_FAMILY = "1,2";
				TEST_HOST = "$(BUILT_PRODUCTS_DIR)/CustomTransitionAnimation.app/CustomTransitionAnimation";
			};
			name = Debug;
		};
		3B5D74E821A6C78500AD0B39 /* Release */ = {
			isa = XCBuildConfiguration;
			buildSettings = {
				ALWAYS_EMBED_SWIFT_STANDARD_LIBRARIES = YES;
				BUNDLE_LOADER = "$(TEST_HOST)";
				CODE_SIGN_STYLE = Automatic;
				DEVELOPMENT_TEAM = Z4RWL5QZ5M;
				INFOPLIST_FILE = CustomTransitionAnimationTests/Info.plist;
				LD_RUNPATH_SEARCH_PATHS = (
					"$(inherited)",
					"@executable_path/Frameworks",
					"@loader_path/Frameworks",
				);
				PRODUCT_BUNDLE_IDENTIFIER = com.xuhongfei.tools.CustomTransitionAnimationTests;
				PRODUCT_NAME = "$(TARGET_NAME)";
				SWIFT_VERSION = 4.2;
				TARGETED_DEVICE_FAMILY = "1,2";
				TEST_HOST = "$(BUILT_PRODUCTS_DIR)/CustomTransitionAnimation.app/CustomTransitionAnimation";
			};
			name = Release;
		};
		3B5D74EA21A6C78500AD0B39 /* Debug */ = {
			isa = XCBuildConfiguration;
			buildSettings = {
				ALWAYS_EMBED_SWIFT_STANDARD_LIBRARIES = YES;
				CODE_SIGN_STYLE = Automatic;
				DEVELOPMENT_TEAM = Z4RWL5QZ5M;
				INFOPLIST_FILE = CustomTransitionAnimationUITests/Info.plist;
				LD_RUNPATH_SEARCH_PATHS = (
					"$(inherited)",
					"@executable_path/Frameworks",
					"@loader_path/Frameworks",
				);
				PRODUCT_BUNDLE_IDENTIFIER = com.xuhongfei.tools.CustomTransitionAnimationUITests;
				PRODUCT_NAME = "$(TARGET_NAME)";
				SWIFT_VERSION = 4.2;
				TARGETED_DEVICE_FAMILY = "1,2";
				TEST_TARGET_NAME = CustomTransitionAnimation;
			};
			name = Debug;
		};
		3B5D74EB21A6C78500AD0B39 /* Release */ = {
			isa = XCBuildConfiguration;
			buildSettings = {
				ALWAYS_EMBED_SWIFT_STANDARD_LIBRARIES = YES;
				CODE_SIGN_STYLE = Automatic;
				DEVELOPMENT_TEAM = Z4RWL5QZ5M;
				INFOPLIST_FILE = CustomTransitionAnimationUITests/Info.plist;
				LD_RUNPATH_SEARCH_PATHS = (
					"$(inherited)",
					"@executable_path/Frameworks",
					"@loader_path/Frameworks",
				);
				PRODUCT_BUNDLE_IDENTIFIER = com.xuhongfei.tools.CustomTransitionAnimationUITests;
				PRODUCT_NAME = "$(TARGET_NAME)";
				SWIFT_VERSION = 4.2;
				TARGETED_DEVICE_FAMILY = "1,2";
				TEST_TARGET_NAME = CustomTransitionAnimation;
			};
			name = Release;
		};
/* End XCBuildConfiguration section */

/* Begin XCConfigurationList section */
		3B5D74B621A6C78100AD0B39 /* Build configuration list for PBXProject "CustomTransitionAnimation" */ = {
			isa = XCConfigurationList;
			buildConfigurations = (
				3B5D74E121A6C78500AD0B39 /* Debug */,
				3B5D74E221A6C78500AD0B39 /* Release */,
			);
			defaultConfigurationIsVisible = 0;
			defaultConfigurationName = Release;
		};
		3B5D74E321A6C78500AD0B39 /* Build configuration list for PBXNativeTarget "CustomTransitionAnimation" */ = {
			isa = XCConfigurationList;
			buildConfigurations = (
				3B5D74E421A6C78500AD0B39 /* Debug */,
				3B5D74E521A6C78500AD0B39 /* Release */,
			);
			defaultConfigurationIsVisible = 0;
			defaultConfigurationName = Release;
		};
		3B5D74E621A6C78500AD0B39 /* Build configuration list for PBXNativeTarget "CustomTransitionAnimationTests" */ = {
			isa = XCConfigurationList;
			buildConfigurations = (
				3B5D74E721A6C78500AD0B39 /* Debug */,
				3B5D74E821A6C78500AD0B39 /* Release */,
			);
			defaultConfigurationIsVisible = 0;
			defaultConfigurationName = Release;
		};
		3B5D74E921A6C78500AD0B39 /* Build configuration list for PBXNativeTarget "CustomTransitionAnimationUITests" */ = {
			isa = XCConfigurationList;
			buildConfigurations = (
				3B5D74EA21A6C78500AD0B39 /* Debug */,
				3B5D74EB21A6C78500AD0B39 /* Release */,
			);
			defaultConfigurationIsVisible = 0;
			defaultConfigurationName = Release;
		};
/* End XCConfigurationList section */
	};
	rootObject = 3B5D74B321A6C78100AD0B39 /* Project object */;
}
